PODS:
  - iOS-Echarts (1.4.4)
  - Masonry (1.0.2)

DEPENDENCIES:
  - iOS-Echarts (~> 1.4.4)
  - Masonry (~> 1.0.2)

SPEC CHECKSUMS:
  iOS-Echarts: dbc7423d861e5eedee78906a39d205b5c4da9a13
  Masonry: 7c429b56da9d4ee0bbb3ed77a5ea710d6a5df39e

PODFILE CHECKSUM: 838de620daeb7ae96c5155ff0cac184e260afc5c

COCOAPODS: 1.2.1
