PODS:
  - iOS-Echarts (1.3.4)
  - Masonry (1.0.2)

DEPENDENCIES:
  - iOS-Echarts
  - Masonry (~> 1.0.2)

SPEC CHECKSUMS:
  iOS-Echarts: 459536bb2d7fda357f0a295f40ccd9c685807ff4
  Masonry: 7c429b56da9d4ee0bbb3ed77a5ea710d6a5df39e

PODFILE CHECKSUM: 697bcdfdc976e6ee4489554aa54e2c17abe4688c

COCOAPODS: 1.2.0.beta.1
