// !$*UTF8*$!
{
	archiveVersion = 1;
	classes = {
	};
	objectVersion = 46;
	objects = {

/* Begin PBXBuildFile section */
		9CE9EEECDF825EBAC10C4383 /* Pods_OutputCollect.framework in Frameworks */ = {isa = PBXBuildFile; fileRef = E9AF8824076CEE61CD207826 /* Pods_OutputCollect.framework */; };
		E375C4C71F2B0BAF00AC558A /* RootTabBarController.m in Sources */ = {isa = PBXBuildFile; fileRef = E375C4C61F2B0BAF00AC558A /* RootTabBarController.m */; };
		E375C4CB1F2B0C3600AC558A /* BaseViewController.m in Sources */ = {isa = PBXBuildFile; fileRef = E375C4CA1F2B0C3600AC558A /* BaseViewController.m */; };
		E375C4D01F2B0C8F00AC558A /* BaseNavigationController.m in Sources */ = {isa = PBXBuildFile; fileRef = E375C4CD1F2B0C8F00AC558A /* BaseNavigationController.m */; };
		E375C4D11F2B0C8F00AC558A /* BaseScrollViewController.m in Sources */ = {isa = PBXBuildFile; fileRef = E375C4CF1F2B0C8F00AC558A /* BaseScrollViewController.m */; };
		E375C4D51F2B0CCE00AC558A /* BaseTabBar.m in Sources */ = {isa = PBXBuildFile; fileRef = E375C4D41F2B0CCE00AC558A /* BaseTabBar.m */; };
		E375C4D81F2B0D4500AC558A /* IndexController.m in Sources */ = {isa = PBXBuildFile; fileRef = E375C4D71F2B0D4500AC558A /* IndexController.m */; };
		E375C4DB1F2B0D6000AC558A /* OutputController.m in Sources */ = {isa = PBXBuildFile; fileRef = E375C4DA1F2B0D6000AC558A /* OutputController.m */; };
		E375C4DE1F2B0D7500AC558A /* EfficiencyController.m in Sources */ = {isa = PBXBuildFile; fileRef = E375C4DD1F2B0D7500AC558A /* EfficiencyController.m */; };
		E375C4E11F2B0D8400AC558A /* UserController.m in Sources */ = {isa = PBXBuildFile; fileRef = E375C4E01F2B0D8400AC558A /* UserController.m */; };
		E375C4FC1F2B0F1900AC558A /* Foundation+Log.m in Sources */ = {isa = PBXBuildFile; fileRef = E375C4E31F2B0F1900AC558A /* Foundation+Log.m */; };
		E375C5011F2B0F1900AC558A /* UIImage+Color.m in Sources */ = {isa = PBXBuildFile; fileRef = E375C4ED1F2B0F1900AC558A /* UIImage+Color.m */; };
		E375C5031F2B0F1900AC558A /* UIImageView+Color.m in Sources */ = {isa = PBXBuildFile; fileRef = E375C4F11F2B0F1900AC558A /* UIImageView+Color.m */; };
		E375C5041F2B0F1900AC558A /* UILabel+Font.m in Sources */ = {isa = PBXBuildFile; fileRef = E375C4F31F2B0F1900AC558A /* UILabel+Font.m */; };
		E375C5081F2B0F1900AC558A /* UIView+Frame.m in Sources */ = {isa = PBXBuildFile; fileRef = E375C4FB1F2B0F1900AC558A /* UIView+Frame.m */; };
		E375C50C1F2B1D5600AC558A /* NavMenuBarView.m in Sources */ = {isa = PBXBuildFile; fileRef = E375C50B1F2B1D5600AC558A /* NavMenuBarView.m */; };
		E375C5101F2B214C00AC558A /* Fab2OutputController.m in Sources */ = {isa = PBXBuildFile; fileRef = E375C50F1F2B214C00AC558A /* Fab2OutputController.m */; };
		E375C5131F2B218100AC558A /* Fab3OutputController.m in Sources */ = {isa = PBXBuildFile; fileRef = E375C5121F2B218100AC558A /* Fab3OutputController.m */; };
		E375C5191F2B219F00AC558A /* Fab5OutputController.m in Sources */ = {isa = PBXBuildFile; fileRef = E375C5181F2B219F00AC558A /* Fab5OutputController.m */; };
		E375C51C1F2B21BB00AC558A /* Fab4OutputController.m in Sources */ = {isa = PBXBuildFile; fileRef = E375C51B1F2B21BB00AC558A /* Fab4OutputController.m */; };
		E375C51F1F2B22E300AC558A /* Fab6OutputController.m in Sources */ = {isa = PBXBuildFile; fileRef = E375C51E1F2B22E300AC558A /* Fab6OutputController.m */; };
		E375C5221F2B3BC800AC558A /* BaseOutputController.m in Sources */ = {isa = PBXBuildFile; fileRef = E375C5211F2B3BC800AC558A /* BaseOutputController.m */; };
		E378C7ED1F27182B00225456 /* main.m in Sources */ = {isa = PBXBuildFile; fileRef = E378C7EC1F27182B00225456 /* main.m */; };
		E378C7F01F27182B00225456 /* AppDelegate.m in Sources */ = {isa = PBXBuildFile; fileRef = E378C7EF1F27182B00225456 /* AppDelegate.m */; };
		E378C7F61F27182B00225456 /* Main.storyboard in Resources */ = {isa = PBXBuildFile; fileRef = E378C7F41F27182B00225456 /* Main.storyboard */; };
		E378C7F81F27182B00225456 /* Assets.xcassets in Resources */ = {isa = PBXBuildFile; fileRef = E378C7F71F27182B00225456 /* Assets.xcassets */; };
		E378C7FB1F27182B00225456 /* LaunchScreen.storyboard in Resources */ = {isa = PBXBuildFile; fileRef = E378C7F91F27182B00225456 /* LaunchScreen.storyboard */; };
/* End PBXBuildFile section */

/* Begin PBXFileReference section */
		399017A7328D2D1072B1A523 /* Pods-OutputCollect.debug.xcconfig */ = {isa = PBXFileReference; includeInIndex = 1; lastKnownFileType = text.xcconfig; name = "Pods-OutputCollect.debug.xcconfig"; path = "Pods/Target Support Files/Pods-OutputCollect/Pods-OutputCollect.debug.xcconfig"; sourceTree = "<group>"; };
		42D3673CE585C3433DAA37A2 /* Pods-OutputCollect.release.xcconfig */ = {isa = PBXFileReference; includeInIndex = 1; lastKnownFileType = text.xcconfig; name = "Pods-OutputCollect.release.xcconfig"; path = "Pods/Target Support Files/Pods-OutputCollect/Pods-OutputCollect.release.xcconfig"; sourceTree = "<group>"; };
		E375C4C51F2B0BAF00AC558A /* RootTabBarController.h */ = {isa = PBXFileReference; fileEncoding = 4; lastKnownFileType = sourcecode.c.h; path = RootTabBarController.h; sourceTree = "<group>"; };
		E375C4C61F2B0BAF00AC558A /* RootTabBarController.m */ = {isa = PBXFileReference; fileEncoding = 4; lastKnownFileType = sourcecode.c.objc; path = RootTabBarController.m; sourceTree = "<group>"; };
		E375C4C81F2B0BE300AC558A /* Macros.h */ = {isa = PBXFileReference; fileEncoding = 4; lastKnownFileType = sourcecode.c.h; path = Macros.h; sourceTree = "<group>"; };
		E375C4C91F2B0C3600AC558A /* BaseViewController.h */ = {isa = PBXFileReference; fileEncoding = 4; lastKnownFileType = sourcecode.c.h; path = BaseViewController.h; sourceTree = "<group>"; };
		E375C4CA1F2B0C3600AC558A /* BaseViewController.m */ = {isa = PBXFileReference; fileEncoding = 4; lastKnownFileType = sourcecode.c.objc; path = BaseViewController.m; sourceTree = "<group>"; };
		E375C4CC1F2B0C8F00AC558A /* BaseNavigationController.h */ = {isa = PBXFileReference; fileEncoding = 4; lastKnownFileType = sourcecode.c.h; path = BaseNavigationController.h; sourceTree = "<group>"; };
		E375C4CD1F2B0C8F00AC558A /* BaseNavigationController.m */ = {isa = PBXFileReference; fileEncoding = 4; lastKnownFileType = sourcecode.c.objc; path = BaseNavigationController.m; sourceTree = "<group>"; };
		E375C4CE1F2B0C8F00AC558A /* BaseScrollViewController.h */ = {isa = PBXFileReference; fileEncoding = 4; lastKnownFileType = sourcecode.c.h; path = BaseScrollViewController.h; sourceTree = "<group>"; };
		E375C4CF1F2B0C8F00AC558A /* BaseScrollViewController.m */ = {isa = PBXFileReference; fileEncoding = 4; lastKnownFileType = sourcecode.c.objc; path = BaseScrollViewController.m; sourceTree = "<group>"; };
		E375C4D31F2B0CCE00AC558A /* BaseTabBar.h */ = {isa = PBXFileReference; fileEncoding = 4; lastKnownFileType = sourcecode.c.h; path = BaseTabBar.h; sourceTree = "<group>"; };
		E375C4D41F2B0CCE00AC558A /* BaseTabBar.m */ = {isa = PBXFileReference; fileEncoding = 4; lastKnownFileType = sourcecode.c.objc; path = BaseTabBar.m; sourceTree = "<group>"; };
		E375C4D61F2B0D4500AC558A /* IndexController.h */ = {isa = PBXFileReference; fileEncoding = 4; lastKnownFileType = sourcecode.c.h; path = IndexController.h; sourceTree = "<group>"; };
		E375C4D71F2B0D4500AC558A /* IndexController.m */ = {isa = PBXFileReference; fileEncoding = 4; lastKnownFileType = sourcecode.c.objc; path = IndexController.m; sourceTree = "<group>"; };
		E375C4D91F2B0D6000AC558A /* OutputController.h */ = {isa = PBXFileReference; fileEncoding = 4; lastKnownFileType = sourcecode.c.h; path = OutputController.h; sourceTree = "<group>"; };
		E375C4DA1F2B0D6000AC558A /* OutputController.m */ = {isa = PBXFileReference; fileEncoding = 4; lastKnownFileType = sourcecode.c.objc; path = OutputController.m; sourceTree = "<group>"; };
		E375C4DC1F2B0D7500AC558A /* EfficiencyController.h */ = {isa = PBXFileReference; fileEncoding = 4; lastKnownFileType = sourcecode.c.h; path = EfficiencyController.h; sourceTree = "<group>"; };
		E375C4DD1F2B0D7500AC558A /* EfficiencyController.m */ = {isa = PBXFileReference; fileEncoding = 4; lastKnownFileType = sourcecode.c.objc; path = EfficiencyController.m; sourceTree = "<group>"; };
		E375C4DF1F2B0D8400AC558A /* UserController.h */ = {isa = PBXFileReference; fileEncoding = 4; lastKnownFileType = sourcecode.c.h; path = UserController.h; sourceTree = "<group>"; };
		E375C4E01F2B0D8400AC558A /* UserController.m */ = {isa = PBXFileReference; fileEncoding = 4; lastKnownFileType = sourcecode.c.objc; path = UserController.m; sourceTree = "<group>"; };
		E375C4E31F2B0F1900AC558A /* Foundation+Log.m */ = {isa = PBXFileReference; fileEncoding = 4; lastKnownFileType = sourcecode.c.objc; path = "Foundation+Log.m"; sourceTree = "<group>"; };
		E375C4EC1F2B0F1900AC558A /* UIImage+Color.h */ = {isa = PBXFileReference; fileEncoding = 4; lastKnownFileType = sourcecode.c.h; path = "UIImage+Color.h"; sourceTree = "<group>"; };
		E375C4ED1F2B0F1900AC558A /* UIImage+Color.m */ = {isa = PBXFileReference; fileEncoding = 4; lastKnownFileType = sourcecode.c.objc; path = "UIImage+Color.m"; sourceTree = "<group>"; };
		E375C4F01F2B0F1900AC558A /* UIImageView+Color.h */ = {isa = PBXFileReference; fileEncoding = 4; lastKnownFileType = sourcecode.c.h; path = "UIImageView+Color.h"; sourceTree = "<group>"; };
		E375C4F11F2B0F1900AC558A /* UIImageView+Color.m */ = {isa = PBXFileReference; fileEncoding = 4; lastKnownFileType = sourcecode.c.objc; path = "UIImageView+Color.m"; sourceTree = "<group>"; };
		E375C4F21F2B0F1900AC558A /* UILabel+Font.h */ = {isa = PBXFileReference; fileEncoding = 4; lastKnownFileType = sourcecode.c.h; path = "UILabel+Font.h"; sourceTree = "<group>"; };
		E375C4F31F2B0F1900AC558A /* UILabel+Font.m */ = {isa = PBXFileReference; fileEncoding = 4; lastKnownFileType = sourcecode.c.objc; path = "UILabel+Font.m"; sourceTree = "<group>"; };
		E375C4FA1F2B0F1900AC558A /* UIView+Frame.h */ = {isa = PBXFileReference; fileEncoding = 4; lastKnownFileType = sourcecode.c.h; path = "UIView+Frame.h"; sourceTree = "<group>"; };
		E375C4FB1F2B0F1900AC558A /* UIView+Frame.m */ = {isa = PBXFileReference; fileEncoding = 4; lastKnownFileType = sourcecode.c.objc; path = "UIView+Frame.m"; sourceTree = "<group>"; };
		E375C5091F2B107000AC558A /* Prefix.pch */ = {isa = PBXFileReference; fileEncoding = 4; lastKnownFileType = sourcecode.c.h; path = Prefix.pch; sourceTree = "<group>"; };
		E375C50A1F2B1D5600AC558A /* NavMenuBarView.h */ = {isa = PBXFileReference; fileEncoding = 4; lastKnownFileType = sourcecode.c.h; path = NavMenuBarView.h; sourceTree = "<group>"; };
		E375C50B1F2B1D5600AC558A /* NavMenuBarView.m */ = {isa = PBXFileReference; fileEncoding = 4; lastKnownFileType = sourcecode.c.objc; path = NavMenuBarView.m; sourceTree = "<group>"; };
		E375C50E1F2B214C00AC558A /* Fab2OutputController.h */ = {isa = PBXFileReference; fileEncoding = 4; lastKnownFileType = sourcecode.c.h; path = Fab2OutputController.h; sourceTree = "<group>"; };
		E375C50F1F2B214C00AC558A /* Fab2OutputController.m */ = {isa = PBXFileReference; fileEncoding = 4; lastKnownFileType = sourcecode.c.objc; path = Fab2OutputController.m; sourceTree = "<group>"; };
		E375C5111F2B218100AC558A /* Fab3OutputController.h */ = {isa = PBXFileReference; fileEncoding = 4; lastKnownFileType = sourcecode.c.h; path = Fab3OutputController.h; sourceTree = "<group>"; };
		E375C5121F2B218100AC558A /* Fab3OutputController.m */ = {isa = PBXFileReference; fileEncoding = 4; lastKnownFileType = sourcecode.c.objc; path = Fab3OutputController.m; sourceTree = "<group>"; };
		E375C5171F2B219F00AC558A /* Fab5OutputController.h */ = {isa = PBXFileReference; fileEncoding = 4; lastKnownFileType = sourcecode.c.h; path = Fab5OutputController.h; sourceTree = "<group>"; };
		E375C5181F2B219F00AC558A /* Fab5OutputController.m */ = {isa = PBXFileReference; fileEncoding = 4; lastKnownFileType = sourcecode.c.objc; path = Fab5OutputController.m; sourceTree = "<group>"; };
		E375C51A1F2B21BB00AC558A /* Fab4OutputController.h */ = {isa = PBXFileReference; fileEncoding = 4; lastKnownFileType = sourcecode.c.h; path = Fab4OutputController.h; sourceTree = "<group>"; };
		E375C51B1F2B21BB00AC558A /* Fab4OutputController.m */ = {isa = PBXFileReference; fileEncoding = 4; lastKnownFileType = sourcecode.c.objc; path = Fab4OutputController.m; sourceTree = "<group>"; };
		E375C51D1F2B22E300AC558A /* Fab6OutputController.h */ = {isa = PBXFileReference; fileEncoding = 4; lastKnownFileType = sourcecode.c.h; path = Fab6OutputController.h; sourceTree = "<group>"; };
		E375C51E1F2B22E300AC558A /* Fab6OutputController.m */ = {isa = PBXFileReference; fileEncoding = 4; lastKnownFileType = sourcecode.c.objc; path = Fab6OutputController.m; sourceTree = "<group>"; };
		E375C5201F2B3BC800AC558A /* BaseOutputController.h */ = {isa = PBXFileReference; fileEncoding = 4; lastKnownFileType = sourcecode.c.h; path = BaseOutputController.h; sourceTree = "<group>"; };
		E375C5211F2B3BC800AC558A /* BaseOutputController.m */ = {isa = PBXFileReference; fileEncoding = 4; lastKnownFileType = sourcecode.c.objc; path = BaseOutputController.m; sourceTree = "<group>"; };
		E378C7E81F27182B00225456 /* OutputCollect.app */ = {isa = PBXFileReference; explicitFileType = wrapper.application; includeInIndex = 0; path = OutputCollect.app; sourceTree = BUILT_PRODUCTS_DIR; };
		E378C7EC1F27182B00225456 /* main.m */ = {isa = PBXFileReference; lastKnownFileType = sourcecode.c.objc; path = main.m; sourceTree = "<group>"; };
		E378C7EE1F27182B00225456 /* AppDelegate.h */ = {isa = PBXFileReference; lastKnownFileType = sourcecode.c.h; path = AppDelegate.h; sourceTree = "<group>"; };
		E378C7EF1F27182B00225456 /* AppDelegate.m */ = {isa = PBXFileReference; lastKnownFileType = sourcecode.c.objc; path = AppDelegate.m; sourceTree = "<group>"; };
		E378C7F51F27182B00225456 /* Base */ = {isa = PBXFileReference; lastKnownFileType = file.storyboard; name = Base; path = Base.lproj/Main.storyboard; sourceTree = "<group>"; };
		E378C7F71F27182B00225456 /* Assets.xcassets */ = {isa = PBXFileReference; lastKnownFileType = folder.assetcatalog; path = Assets.xcassets; sourceTree = "<group>"; };
		E378C7FA1F27182B00225456 /* Base */ = {isa = PBXFileReference; lastKnownFileType = file.storyboard; name = Base; path = Base.lproj/LaunchScreen.storyboard; sourceTree = "<group>"; };
		E378C7FC1F27182B00225456 /* Info.plist */ = {isa = PBXFileReference; lastKnownFileType = text.plist.xml; path = Info.plist; sourceTree = "<group>"; };
		E9AF8824076CEE61CD207826 /* Pods_OutputCollect.framework */ = {isa = PBXFileReference; explicitFileType = wrapper.framework; includeInIndex = 0; path = Pods_OutputCollect.framework; sourceTree = BUILT_PRODUCTS_DIR; };
/* End PBXFileReference section */

/* Begin PBXFrameworksBuildPhase section */
		E378C7E51F27182B00225456 /* Frameworks */ = {
			isa = PBXFrameworksBuildPhase;
			buildActionMask = 2147483647;
			files = (
				9CE9EEECDF825EBAC10C4383 /* Pods_OutputCollect.framework in Frameworks */,
			);
			runOnlyForDeploymentPostprocessing = 0;
		};
/* End PBXFrameworksBuildPhase section */

/* Begin PBXGroup section */
		5763061BEF1369C1CEAE1A3D /* Frameworks */ = {
			isa = PBXGroup;
			children = (
				E9AF8824076CEE61CD207826 /* Pods_OutputCollect.framework */,
			);
			name = Frameworks;
			sourceTree = "<group>";
		};
		5AA70BC88EB50FB7B53036AA /* Pods */ = {
			isa = PBXGroup;
			children = (
				399017A7328D2D1072B1A523 /* Pods-OutputCollect.debug.xcconfig */,
				42D3673CE585C3433DAA37A2 /* Pods-OutputCollect.release.xcconfig */,
			);
			name = Pods;
			sourceTree = "<group>";
		};
		E375C4BD1F2B0B0400AC558A /* Controllers */ = {
			isa = PBXGroup;
			children = (
				E375C4C41F2B0B7700AC558A /* Base */,
				E375C4BF1F2B0B0400AC558A /* Index */,
				E375C4C01F2B0B0400AC558A /* Output */,
				E375C4BE1F2B0B0400AC558A /* Efficiency */,
				E375C4C11F2B0B0400AC558A /* User */,
			);
			path = Controllers;
			sourceTree = "<group>";
		};
		E375C4BE1F2B0B0400AC558A /* Efficiency */ = {
			isa = PBXGroup;
			children = (
				E375C4DC1F2B0D7500AC558A /* EfficiencyController.h */,
				E375C4DD1F2B0D7500AC558A /* EfficiencyController.m */,
			);
			path = Efficiency;
			sourceTree = "<group>";
		};
		E375C4BF1F2B0B0400AC558A /* Index */ = {
			isa = PBXGroup;
			children = (
				E375C4D61F2B0D4500AC558A /* IndexController.h */,
				E375C4D71F2B0D4500AC558A /* IndexController.m */,
			);
			path = Index;
			sourceTree = "<group>";
		};
		E375C4C01F2B0B0400AC558A /* Output */ = {
			isa = PBXGroup;
			children = (
				E375C50D1F2B20A600AC558A /* SubControllers */,
				E375C4D91F2B0D6000AC558A /* OutputController.h */,
				E375C4DA1F2B0D6000AC558A /* OutputController.m */,
			);
			path = Output;
			sourceTree = "<group>";
		};
		E375C4C11F2B0B0400AC558A /* User */ = {
			isa = PBXGroup;
			children = (
				E375C4DF1F2B0D8400AC558A /* UserController.h */,
				E375C4E01F2B0D8400AC558A /* UserController.m */,
			);
			path = User;
			sourceTree = "<group>";
		};
		E375C4C31F2B0B2F00AC558A /* Views */ = {
			isa = PBXGroup;
			children = (
				E375C4D21F2B0CA000AC558A /* Base */,
			);
			path = Views;
			sourceTree = "<group>";
		};
		E375C4C41F2B0B7700AC558A /* Base */ = {
			isa = PBXGroup;
			children = (
				E375C50A1F2B1D5600AC558A /* NavMenuBarView.h */,
				E375C50B1F2B1D5600AC558A /* NavMenuBarView.m */,
				E375C4CC1F2B0C8F00AC558A /* BaseNavigationController.h */,
				E375C4CD1F2B0C8F00AC558A /* BaseNavigationController.m */,
				E375C4CE1F2B0C8F00AC558A /* BaseScrollViewController.h */,
				E375C4CF1F2B0C8F00AC558A /* BaseScrollViewController.m */,
				E375C4C91F2B0C3600AC558A /* BaseViewController.h */,
				E375C4CA1F2B0C3600AC558A /* BaseViewController.m */,
				E375C4C51F2B0BAF00AC558A /* RootTabBarController.h */,
				E375C4C61F2B0BAF00AC558A /* RootTabBarController.m */,
			);
			path = Base;
			sourceTree = "<group>";
		};
		E375C4D21F2B0CA000AC558A /* Base */ = {
			isa = PBXGroup;
			children = (
				E375C4D31F2B0CCE00AC558A /* BaseTabBar.h */,
				E375C4D41F2B0CCE00AC558A /* BaseTabBar.m */,
			);
			path = Base;
			sourceTree = "<group>";
		};
		E375C4E21F2B0F1900AC558A /* ExtendClass */ = {
			isa = PBXGroup;
			children = (
				E375C4E31F2B0F1900AC558A /* Foundation+Log.m */,
				E375C4EC1F2B0F1900AC558A /* UIImage+Color.h */,
				E375C4ED1F2B0F1900AC558A /* UIImage+Color.m */,
				E375C4F01F2B0F1900AC558A /* UIImageView+Color.h */,
				E375C4F11F2B0F1900AC558A /* UIImageView+Color.m */,
				E375C4F21F2B0F1900AC558A /* UILabel+Font.h */,
				E375C4F31F2B0F1900AC558A /* UILabel+Font.m */,
				E375C4FA1F2B0F1900AC558A /* UIView+Frame.h */,
				E375C4FB1F2B0F1900AC558A /* UIView+Frame.m */,
			);
			path = ExtendClass;
			sourceTree = "<group>";
		};
		E375C50D1F2B20A600AC558A /* SubControllers */ = {
			isa = PBXGroup;
			children = (
				E375C50E1F2B214C00AC558A /* Fab2OutputController.h */,
				E375C50F1F2B214C00AC558A /* Fab2OutputController.m */,
				E375C5111F2B218100AC558A /* Fab3OutputController.h */,
				E375C5121F2B218100AC558A /* Fab3OutputController.m */,
				E375C51A1F2B21BB00AC558A /* Fab4OutputController.h */,
				E375C51B1F2B21BB00AC558A /* Fab4OutputController.m */,
				E375C5171F2B219F00AC558A /* Fab5OutputController.h */,
				E375C5181F2B219F00AC558A /* Fab5OutputController.m */,
				E375C51D1F2B22E300AC558A /* Fab6OutputController.h */,
				E375C51E1F2B22E300AC558A /* Fab6OutputController.m */,
				E375C5201F2B3BC800AC558A /* BaseOutputController.h */,
				E375C5211F2B3BC800AC558A /* BaseOutputController.m */,
			);
			path = SubControllers;
			sourceTree = "<group>";
		};
		E378C7DF1F27182B00225456 = {
			isa = PBXGroup;
			children = (
				E378C7EA1F27182B00225456 /* OutputCollect */,
				E378C7E91F27182B00225456 /* Products */,
				5AA70BC88EB50FB7B53036AA /* Pods */,
				5763061BEF1369C1CEAE1A3D /* Frameworks */,
			);
			sourceTree = "<group>";
		};
		E378C7E91F27182B00225456 /* Products */ = {
			isa = PBXGroup;
			children = (
				E378C7E81F27182B00225456 /* OutputCollect.app */,
			);
			name = Products;
			sourceTree = "<group>";
		};
		E378C7EA1F27182B00225456 /* OutputCollect */ = {
			isa = PBXGroup;
			children = (
				E375C4E21F2B0F1900AC558A /* ExtendClass */,
				E375C4C31F2B0B2F00AC558A /* Views */,
				E375C4BD1F2B0B0400AC558A /* Controllers */,
				E378C7EB1F27182B00225456 /* Supporting Files */,
			);
			path = OutputCollect;
			sourceTree = "<group>";
		};
		E378C7EB1F27182B00225456 /* Supporting Files */ = {
			isa = PBXGroup;
			children = (
				E375C4C81F2B0BE300AC558A /* Macros.h */,
				E378C7EE1F27182B00225456 /* AppDelegate.h */,
				E378C7EF1F27182B00225456 /* AppDelegate.m */,
				E378C7F41F27182B00225456 /* Main.storyboard */,
				E378C7F71F27182B00225456 /* Assets.xcassets */,
				E378C7F91F27182B00225456 /* LaunchScreen.storyboard */,
				E378C7FC1F27182B00225456 /* Info.plist */,
				E378C7EC1F27182B00225456 /* main.m */,
				E375C5091F2B107000AC558A /* Prefix.pch */,
			);
			name = "Supporting Files";
			sourceTree = "<group>";
		};
/* End PBXGroup section */

/* Begin PBXNativeTarget section */
		E378C7E71F27182B00225456 /* OutputCollect */ = {
			isa = PBXNativeTarget;
			buildConfigurationList = E378C7FF1F27182B00225456 /* Build configuration list for PBXNativeTarget "OutputCollect" */;
			buildPhases = (
				F18362DD2AC55D2CB106C4C5 /* [CP] Check Pods Manifest.lock */,
				E378C7E41F27182B00225456 /* Sources */,
				E378C7E51F27182B00225456 /* Frameworks */,
				E378C7E61F27182B00225456 /* Resources */,
				3767E5844BF0708BBFE869E4 /* [CP] Embed Pods Frameworks */,
				5ADBB99D3C62530EC7A18CFF /* [CP] Copy Pods Resources */,
			);
			buildRules = (
			);
			dependencies = (
			);
			name = OutputCollect;
			productName = OutputCollect;
			productReference = E378C7E81F27182B00225456 /* OutputCollect.app */;
			productType = "com.apple.product-type.application";
		};
/* End PBXNativeTarget section */

/* Begin PBXProject section */
		E378C7E01F27182B00225456 /* Project object */ = {
			isa = PBXProject;
			attributes = {
				LastUpgradeCheck = 0830;
				ORGANIZATIONNAME = afro;
				TargetAttributes = {
					E378C7E71F27182B00225456 = {
						CreatedOnToolsVersion = 8.3.3;
						DevelopmentTeam = 82M9BLN6B7;
						ProvisioningStyle = Automatic;
					};
				};
			};
			buildConfigurationList = E378C7E31F27182B00225456 /* Build configuration list for PBXProject "OutputCollect" */;
			compatibilityVersion = "Xcode 3.2";
			developmentRegion = English;
			hasScannedForEncodings = 0;
			knownRegions = (
				en,
				Base,
			);
			mainGroup = E378C7DF1F27182B00225456;
			productRefGroup = E378C7E91F27182B00225456 /* Products */;
			projectDirPath = "";
			projectRoot = "";
			targets = (
				E378C7E71F27182B00225456 /* OutputCollect */,
			);
		};
/* End PBXProject section */

/* Begin PBXResourcesBuildPhase section */
		E378C7E61F27182B00225456 /* Resources */ = {
			isa = PBXResourcesBuildPhase;
			buildActionMask = 2147483647;
			files = (
				E378C7FB1F27182B00225456 /* LaunchScreen.storyboard in Resources */,
				E378C7F81F27182B00225456 /* Assets.xcassets in Resources */,
				E378C7F61F27182B00225456 /* Main.storyboard in Resources */,
			);
			runOnlyForDeploymentPostprocessing = 0;
		};
/* End PBXResourcesBuildPhase section */

/* Begin PBXShellScriptBuildPhase section */
		3767E5844BF0708BBFE869E4 /* [CP] Embed Pods Frameworks */ = {
			isa = PBXShellScriptBuildPhase;
			buildActionMask = 2147483647;
			files = (
			);
			inputPaths = (
			);
			name = "[CP] Embed Pods Frameworks";
			outputPaths = (
			);
			runOnlyForDeploymentPostprocessing = 0;
			shellPath = /bin/sh;
			shellScript = "\"${SRCROOT}/Pods/Target Support Files/Pods-OutputCollect/Pods-OutputCollect-frameworks.sh\"\n";
			showEnvVarsInLog = 0;
		};
		5ADBB99D3C62530EC7A18CFF /* [CP] Copy Pods Resources */ = {
			isa = PBXShellScriptBuildPhase;
			buildActionMask = 2147483647;
			files = (
			);
			inputPaths = (
			);
			name = "[CP] Copy Pods Resources";
			outputPaths = (
			);
			runOnlyForDeploymentPostprocessing = 0;
			shellPath = /bin/sh;
			shellScript = "\"${SRCROOT}/Pods/Target Support Files/Pods-OutputCollect/Pods-OutputCollect-resources.sh\"\n";
			showEnvVarsInLog = 0;
		};
		F18362DD2AC55D2CB106C4C5 /* [CP] Check Pods Manifest.lock */ = {
			isa = PBXShellScriptBuildPhase;
			buildActionMask = 2147483647;
			files = (
			);
			inputPaths = (
			);
			name = "[CP] Check Pods Manifest.lock";
			outputPaths = (
			);
			runOnlyForDeploymentPostprocessing = 0;
			shellPath = /bin/sh;
			shellScript = "diff \"${PODS_PODFILE_DIR_PATH}/Podfile.lock\" \"${PODS_ROOT}/Manifest.lock\" > /dev/null\nif [ $? != 0 ] ; then\n    # print error to STDERR\n    echo \"error: The sandbox is not in sync with the Podfile.lock. Run 'pod install' or update your CocoaPods installation.\" >&2\n    exit 1\nfi\n";
			showEnvVarsInLog = 0;
		};
/* End PBXShellScriptBuildPhase section */

/* Begin PBXSourcesBuildPhase section */
		E378C7E41F27182B00225456 /* Sources */ = {
			isa = PBXSourcesBuildPhase;
			buildActionMask = 2147483647;
			files = (
				E375C5041F2B0F1900AC558A /* UILabel+Font.m in Sources */,
				E375C4CB1F2B0C3600AC558A /* BaseViewController.m in Sources */,
				E375C5191F2B219F00AC558A /* Fab5OutputController.m in Sources */,
				E375C51F1F2B22E300AC558A /* Fab6OutputController.m in Sources */,
				E375C50C1F2B1D5600AC558A /* NavMenuBarView.m in Sources */,
				E375C5081F2B0F1900AC558A /* UIView+Frame.m in Sources */,
				E375C4D01F2B0C8F00AC558A /* BaseNavigationController.m in Sources */,
				E375C4DE1F2B0D7500AC558A /* EfficiencyController.m in Sources */,
				E375C5221F2B3BC800AC558A /* BaseOutputController.m in Sources */,
				E375C4C71F2B0BAF00AC558A /* RootTabBarController.m in Sources */,
				E375C4DB1F2B0D6000AC558A /* OutputController.m in Sources */,
				E375C4E11F2B0D8400AC558A /* UserController.m in Sources */,
				E375C4D11F2B0C8F00AC558A /* BaseScrollViewController.m in Sources */,
				E375C5031F2B0F1900AC558A /* UIImageView+Color.m in Sources */,
				E375C5131F2B218100AC558A /* Fab3OutputController.m in Sources */,
				E375C5101F2B214C00AC558A /* Fab2OutputController.m in Sources */,
				E375C51C1F2B21BB00AC558A /* Fab4OutputController.m in Sources */,
				E378C7F01F27182B00225456 /* AppDelegate.m in Sources */,
				E375C4D81F2B0D4500AC558A /* IndexController.m in Sources */,
				E375C4FC1F2B0F1900AC558A /* Foundation+Log.m in Sources */,
				E375C4D51F2B0CCE00AC558A /* BaseTabBar.m in Sources */,
				E375C5011F2B0F1900AC558A /* UIImage+Color.m in Sources */,
				E378C7ED1F27182B00225456 /* main.m in Sources */,
			);
			runOnlyForDeploymentPostprocessing = 0;
		};
/* End PBXSourcesBuildPhase section */

/* Begin PBXVariantGroup section */
		E378C7F41F27182B00225456 /* Main.storyboard */ = {
			isa = PBXVariantGroup;
			children = (
				E378C7F51F27182B00225456 /* Base */,
			);
			name = Main.storyboard;
			sourceTree = "<group>";
		};
		E378C7F91F27182B00225456 /* LaunchScreen.storyboard */ = {
			isa = PBXVariantGroup;
			children = (
				E378C7FA1F27182B00225456 /* Base */,
			);
			name = LaunchScreen.storyboard;
			sourceTree = "<group>";
		};
/* End PBXVariantGroup section */

/* Begin XCBuildConfiguration section */
		E378C7FD1F27182B00225456 /* Debug */ = {
			isa = XCBuildConfiguration;
			buildSettings = {
				ALWAYS_SEARCH_USER_PATHS = NO;
				CLANG_ANALYZER_NONNULL = YES;
				CLANG_ANALYZER_NUMBER_OBJECT_CONVERSION = YES_AGGRESSIVE;
				CLANG_CXX_LANGUAGE_STANDARD = "gnu++0x";
				CLANG_CXX_LIBRARY = "libc++";
				CLANG_ENABLE_MODULES = YES;
				CLANG_ENABLE_OBJC_ARC = YES;
				CLANG_WARN_BOOL_CONVERSION = YES;
				CLANG_WARN_CONSTANT_CONVERSION = YES;
				CLANG_WARN_DIRECT_OBJC_ISA_USAGE = YES_ERROR;
				CLANG_WARN_DOCUMENTATION_COMMENTS = YES;
				CLANG_WARN_EMPTY_BODY = YES;
				CLANG_WARN_ENUM_CONVERSION = YES;
				CLANG_WARN_INFINITE_RECURSION = YES;
				CLANG_WARN_INT_CONVERSION = YES;
				CLANG_WARN_OBJC_ROOT_CLASS = YES_ERROR;
				CLANG_WARN_SUSPICIOUS_MOVE = YES;
				CLANG_WARN_UNREACHABLE_CODE = YES;
				CLANG_WARN__DUPLICATE_METHOD_MATCH = YES;
				"CODE_SIGN_IDENTITY[sdk=iphoneos*]" = "iPhone Developer";
				COPY_PHASE_STRIP = NO;
				DEBUG_INFORMATION_FORMAT = dwarf;
				ENABLE_STRICT_OBJC_MSGSEND = YES;
				ENABLE_TESTABILITY = YES;
				GCC_C_LANGUAGE_STANDARD = gnu99;
				GCC_DYNAMIC_NO_PIC = NO;
				GCC_NO_COMMON_BLOCKS = YES;
				GCC_OPTIMIZATION_LEVEL = 0;
				GCC_PREPROCESSOR_DEFINITIONS = (
					"DEBUG=1",
					"$(inherited)",
				);
				GCC_WARN_64_TO_32_BIT_CONVERSION = YES;
				GCC_WARN_ABOUT_RETURN_TYPE = YES_ERROR;
				GCC_WARN_UNDECLARED_SELECTOR = YES;
				GCC_WARN_UNINITIALIZED_AUTOS = YES_AGGRESSIVE;
				GCC_WARN_UNUSED_FUNCTION = YES;
				GCC_WARN_UNUSED_VARIABLE = YES;
				IPHONEOS_DEPLOYMENT_TARGET = 10.3;
				MTL_ENABLE_DEBUG_INFO = YES;
				ONLY_ACTIVE_ARCH = YES;
				SDKROOT = iphoneos;
			};
			name = Debug;
		};
		E378C7FE1F27182B00225456 /* Release */ = {
			isa = XCBuildConfiguration;
			buildSettings = {
				ALWAYS_SEARCH_USER_PATHS = NO;
				CLANG_ANALYZER_NONNULL = YES;
				CLANG_ANALYZER_NUMBER_OBJECT_CONVERSION = YES_AGGRESSIVE;
				CLANG_CXX_LANGUAGE_STANDARD = "gnu++0x";
				CLANG_CXX_LIBRARY = "libc++";
				CLANG_ENABLE_MODULES = YES;
				CLANG_ENABLE_OBJC_ARC = YES;
				CLANG_WARN_BOOL_CONVERSION = YES;
				CLANG_WARN_CONSTANT_CONVERSION = YES;
				CLANG_WARN_DIRECT_OBJC_ISA_USAGE = YES_ERROR;
				CLANG_WARN_DOCUMENTATION_COMMENTS = YES;
				CLANG_WARN_EMPTY_BODY = YES;
				CLANG_WARN_ENUM_CONVERSION = YES;
				CLANG_WARN_INFINITE_RECURSION = YES;
				CLANG_WARN_INT_CONVERSION = YES;
				CLANG_WARN_OBJC_ROOT_CLASS = YES_ERROR;
				CLANG_WARN_SUSPICIOUS_MOVE = YES;
				CLANG_WARN_UNREACHABLE_CODE = YES;
				CLANG_WARN__DUPLICATE_METHOD_MATCH = YES;
				"CODE_SIGN_IDENTITY[sdk=iphoneos*]" = "iPhone Developer";
				COPY_PHASE_STRIP = NO;
				DEBUG_INFORMATION_FORMAT = "dwarf-with-dsym";
				ENABLE_NS_ASSERTIONS = NO;
				ENABLE_STRICT_OBJC_MSGSEND = YES;
				GCC_C_LANGUAGE_STANDARD = gnu99;
				GCC_NO_COMMON_BLOCKS = YES;
				GCC_WARN_64_TO_32_BIT_CONVERSION = YES;
				GCC_WARN_ABOUT_RETURN_TYPE = YES_ERROR;
				GCC_WARN_UNDECLARED_SELECTOR = YES;
				GCC_WARN_UNINITIALIZED_AUTOS = YES_AGGRESSIVE;
				GCC_WARN_UNUSED_FUNCTION = YES;
				GCC_WARN_UNUSED_VARIABLE = YES;
				IPHONEOS_DEPLOYMENT_TARGET = 10.3;
				MTL_ENABLE_DEBUG_INFO = NO;
				SDKROOT = iphoneos;
				VALIDATE_PRODUCT = YES;
			};
			name = Release;
		};
		E378C8001F27182B00225456 /* Debug */ = {
			isa = XCBuildConfiguration;
			baseConfigurationReference = 399017A7328D2D1072B1A523 /* Pods-OutputCollect.debug.xcconfig */;
			buildSettings = {
				ASSETCATALOG_COMPILER_APPICON_NAME = AppIcon;
				DEVELOPMENT_TEAM = 82M9BLN6B7;
				GCC_PREFIX_HEADER = "$(SRCROOT)/OutputCollect/Prefix.pch";
				INFOPLIST_FILE = OutputCollect/Info.plist;
				LD_RUNPATH_SEARCH_PATHS = "$(inherited) @executable_path/Frameworks";
				PRODUCT_BUNDLE_IDENTIFIER = com.JASolar.OutputCollect;
				PRODUCT_NAME = "$(TARGET_NAME)";
			};
			name = Debug;
		};
		E378C8011F27182B00225456 /* Release */ = {
			isa = XCBuildConfiguration;
			baseConfigurationReference = 42D3673CE585C3433DAA37A2 /* Pods-OutputCollect.release.xcconfig */;
			buildSettings = {
				ASSETCATALOG_COMPILER_APPICON_NAME = AppIcon;
				DEVELOPMENT_TEAM = 82M9BLN6B7;
				GCC_PREFIX_HEADER = "$(SRCROOT)/OutputCollect/Prefix.pch";
				INFOPLIST_FILE = OutputCollect/Info.plist;
				LD_RUNPATH_SEARCH_PATHS = "$(inherited) @executable_path/Frameworks";
				PRODUCT_BUNDLE_IDENTIFIER = com.JASolar.OutputCollect;
				PRODUCT_NAME = "$(TARGET_NAME)";
			};
			name = Release;
		};
/* End XCBuildConfiguration section */

/* Begin XCConfigurationList section */
		E378C7E31F27182B00225456 /* Build configuration list for PBXProject "OutputCollect" */ = {
			isa = XCConfigurationList;
			buildConfigurations = (
				E378C7FD1F27182B00225456 /* Debug */,
				E378C7FE1F27182B00225456 /* Release */,
			);
			defaultConfigurationIsVisible = 0;
			defaultConfigurationName = Release;
		};
		E378C7FF1F27182B00225456 /* Build configuration list for PBXNativeTarget "OutputCollect" */ = {
			isa = XCConfigurationList;
			buildConfigurations = (
				E378C8001F27182B00225456 /* Debug */,
				E378C8011F27182B00225456 /* Release */,
			);
			defaultConfigurationIsVisible = 0;
			defaultConfigurationName = Release;
		};
/* End XCConfigurationList section */
	};
	rootObject = E378C7E01F27182B00225456 /* Project object */;
}
