// !$*UTF8*$!
{
	archiveVersion = 1;
	classes = {
	};
	objectVersion = 46;
	objects = {

/* Begin PBXBuildFile section */
		9CE9EEECDF825EBAC10C4383 /* Pods_OutputCollect.framework in Frameworks */ = {isa = PBXBuildFile; fileRef = E9AF8824076CEE61CD207826 /* Pods_OutputCollect.framework */; };
		E378C7ED1F27182B00225456 /* main.m in Sources */ = {isa = PBXBuildFile; fileRef = E378C7EC1F27182B00225456 /* main.m */; };
		E378C7F01F27182B00225456 /* AppDelegate.m in Sources */ = {isa = PBXBuildFile; fileRef = E378C7EF1F27182B00225456 /* AppDelegate.m */; };
		E378C7F31F27182B00225456 /* ViewController.m in Sources */ = {isa = PBXBuildFile; fileRef = E378C7F21F27182B00225456 /* ViewController.m */; };
		E378C7F61F27182B00225456 /* Main.storyboard in Resources */ = {isa = PBXBuildFile; fileRef = E378C7F41F27182B00225456 /* Main.storyboard */; };
		E378C7F81F27182B00225456 /* Assets.xcassets in Resources */ = {isa = PBXBuildFile; fileRef = E378C7F71F27182B00225456 /* Assets.xcassets */; };
		E378C7FB1F27182B00225456 /* LaunchScreen.storyboard in Resources */ = {isa = PBXBuildFile; fileRef = E378C7F91F27182B00225456 /* LaunchScreen.storyboard */; };
/* End PBXBuildFile section */

/* Begin PBXFileReference section */
		399017A7328D2D1072B1A523 /* Pods-OutputCollect.debug.xcconfig */ = {isa = PBXFileReference; includeInIndex = 1; lastKnownFileType = text.xcconfig; name = "Pods-OutputCollect.debug.xcconfig"; path = "Pods/Target Support Files/Pods-OutputCollect/Pods-OutputCollect.debug.xcconfig"; sourceTree = "<group>"; };
		42D3673CE585C3433DAA37A2 /* Pods-OutputCollect.release.xcconfig */ = {isa = PBXFileReference; includeInIndex = 1; lastKnownFileType = text.xcconfig; name = "Pods-OutputCollect.release.xcconfig"; path = "Pods/Target Support Files/Pods-OutputCollect/Pods-OutputCollect.release.xcconfig"; sourceTree = "<group>"; };
		E378C7E81F27182B00225456 /* OutputCollect.app */ = {isa = PBXFileReference; explicitFileType = wrapper.application; includeInIndex = 0; path = OutputCollect.app; sourceTree = BUILT_PRODUCTS_DIR; };
		E378C7EC1F27182B00225456 /* main.m */ = {isa = PBXFileReference; lastKnownFileType = sourcecode.c.objc; path = main.m; sourceTree = "<group>"; };
		E378C7EE1F27182B00225456 /* AppDelegate.h */ = {isa = PBXFileReference; lastKnownFileType = sourcecode.c.h; path = AppDelegate.h; sourceTree = "<group>"; };
		E378C7EF1F27182B00225456 /* AppDelegate.m */ = {isa = PBXFileReference; lastKnownFileType = sourcecode.c.objc; path = AppDelegate.m; sourceTree = "<group>"; };
		E378C7F11F27182B00225456 /* ViewController.h */ = {isa = PBXFileReference; lastKnownFileType = sourcecode.c.h; path = ViewController.h; sourceTree = "<group>"; };
		E378C7F21F27182B00225456 /* ViewController.m */ = {isa = PBXFileReference; lastKnownFileType = sourcecode.c.objc; path = ViewController.m; sourceTree = "<group>"; };
		E378C7F51F27182B00225456 /* Base */ = {isa = PBXFileReference; lastKnownFileType = file.storyboard; name = Base; path = Base.lproj/Main.storyboard; sourceTree = "<group>"; };
		E378C7F71F27182B00225456 /* Assets.xcassets */ = {isa = PBXFileReference; lastKnownFileType = folder.assetcatalog; path = Assets.xcassets; sourceTree = "<group>"; };
		E378C7FA1F27182B00225456 /* Base */ = {isa = PBXFileReference; lastKnownFileType = file.storyboard; name = Base; path = Base.lproj/LaunchScreen.storyboard; sourceTree = "<group>"; };
		E378C7FC1F27182B00225456 /* Info.plist */ = {isa = PBXFileReference; lastKnownFileType = text.plist.xml; path = Info.plist; sourceTree = "<group>"; };
		E9AF8824076CEE61CD207826 /* Pods_OutputCollect.framework */ = {isa = PBXFileReference; explicitFileType = wrapper.framework; includeInIndex = 0; path = Pods_OutputCollect.framework; sourceTree = BUILT_PRODUCTS_DIR; };
/* End PBXFileReference section */

/* Begin PBXFrameworksBuildPhase section */
		E378C7E51F27182B00225456 /* Frameworks */ = {
			isa = PBXFrameworksBuildPhase;
			buildActionMask = 2147483647;
			files = (
				9CE9EEECDF825EBAC10C4383 /* Pods_OutputCollect.framework in Frameworks */,
			);
			runOnlyForDeploymentPostprocessing = 0;
		};
/* End PBXFrameworksBuildPhase section */

/* Begin PBXGroup section */
		5763061BEF1369C1CEAE1A3D /* Frameworks */ = {
			isa = PBXGroup;
			children = (
				E9AF8824076CEE61CD207826 /* Pods_OutputCollect.framework */,
			);
			name = Frameworks;
			sourceTree = "<group>";
		};
		5AA70BC88EB50FB7B53036AA /* Pods */ = {
			isa = PBXGroup;
			children = (
				399017A7328D2D1072B1A523 /* Pods-OutputCollect.debug.xcconfig */,
				42D3673CE585C3433DAA37A2 /* Pods-OutputCollect.release.xcconfig */,
			);
			name = Pods;
			sourceTree = "<group>";
		};
		E378C7DF1F27182B00225456 = {
			isa = PBXGroup;
			children = (
				E378C7EA1F27182B00225456 /* OutputCollect */,
				E378C7E91F27182B00225456 /* Products */,
				5AA70BC88EB50FB7B53036AA /* Pods */,
				5763061BEF1369C1CEAE1A3D /* Frameworks */,
			);
			sourceTree = "<group>";
		};
		E378C7E91F27182B00225456 /* Products */ = {
			isa = PBXGroup;
			children = (
				E378C7E81F27182B00225456 /* OutputCollect.app */,
			);
			name = Products;
			sourceTree = "<group>";
		};
		E378C7EA1F27182B00225456 /* OutputCollect */ = {
			isa = PBXGroup;
			children = (
				E378C7EE1F27182B00225456 /* AppDelegate.h */,
				E378C7EF1F27182B00225456 /* AppDelegate.m */,
				E378C7F11F27182B00225456 /* ViewController.h */,
				E378C7F21F27182B00225456 /* ViewController.m */,
				E378C7F41F27182B00225456 /* Main.storyboard */,
				E378C7F71F27182B00225456 /* Assets.xcassets */,
				E378C7F91F27182B00225456 /* LaunchScreen.storyboard */,
				E378C7FC1F27182B00225456 /* Info.plist */,
				E378C7EB1F27182B00225456 /* Supporting Files */,
			);
			path = OutputCollect;
			sourceTree = "<group>";
		};
		E378C7EB1F27182B00225456 /* Supporting Files */ = {
			isa = PBXGroup;
			children = (
				E378C7EC1F27182B00225456 /* main.m */,
			);
			name = "Supporting Files";
			sourceTree = "<group>";
		};
/* End PBXGroup section */

/* Begin PBXNativeTarget section */
		E378C7E71F27182B00225456 /* OutputCollect */ = {
			isa = PBXNativeTarget;
			buildConfigurationList = E378C7FF1F27182B00225456 /* Build configuration list for PBXNativeTarget "OutputCollect" */;
			buildPhases = (
				F18362DD2AC55D2CB106C4C5 /* [CP] Check Pods Manifest.lock */,
				E378C7E41F27182B00225456 /* Sources */,
				E378C7E51F27182B00225456 /* Frameworks */,
				E378C7E61F27182B00225456 /* Resources */,
				3767E5844BF0708BBFE869E4 /* [CP] Embed Pods Frameworks */,
				5ADBB99D3C62530EC7A18CFF /* [CP] Copy Pods Resources */,
			);
			buildRules = (
			);
			dependencies = (
			);
			name = OutputCollect;
			productName = OutputCollect;
			productReference = E378C7E81F27182B00225456 /* OutputCollect.app */;
			productType = "com.apple.product-type.application";
		};
/* End PBXNativeTarget section */

/* Begin PBXProject section */
		E378C7E01F27182B00225456 /* Project object */ = {
			isa = PBXProject;
			attributes = {
				LastUpgradeCheck = 0830;
				ORGANIZATIONNAME = afro;
				TargetAttributes = {
					E378C7E71F27182B00225456 = {
						CreatedOnToolsVersion = 8.3.3;
						DevelopmentTeam = 82M9BLN6B7;
						ProvisioningStyle = Automatic;
					};
				};
			};
			buildConfigurationList = E378C7E31F27182B00225456 /* Build configuration list for PBXProject "OutputCollect" */;
			compatibilityVersion = "Xcode 3.2";
			developmentRegion = English;
			hasScannedForEncodings = 0;
			knownRegions = (
				en,
				Base,
			);
			mainGroup = E378C7DF1F27182B00225456;
			productRefGroup = E378C7E91F27182B00225456 /* Products */;
			projectDirPath = "";
			projectRoot = "";
			targets = (
				E378C7E71F27182B00225456 /* OutputCollect */,
			);
		};
/* End PBXProject section */

/* Begin PBXResourcesBuildPhase section */
		E378C7E61F27182B00225456 /* Resources */ = {
			isa = PBXResourcesBuildPhase;
			buildActionMask = 2147483647;
			files = (
				E378C7FB1F27182B00225456 /* LaunchScreen.storyboard in Resources */,
				E378C7F81F27182B00225456 /* Assets.xcassets in Resources */,
				E378C7F61F27182B00225456 /* Main.storyboard in Resources */,
			);
			runOnlyForDeploymentPostprocessing = 0;
		};
/* End PBXResourcesBuildPhase section */

/* Begin PBXShellScriptBuildPhase section */
		3767E5844BF0708BBFE869E4 /* [CP] Embed Pods Frameworks */ = {
			isa = PBXShellScriptBuildPhase;
			buildActionMask = 2147483647;
			files = (
			);
			inputPaths = (
			);
			name = "[CP] Embed Pods Frameworks";
			outputPaths = (
			);
			runOnlyForDeploymentPostprocessing = 0;
			shellPath = /bin/sh;
			shellScript = "\"${SRCROOT}/Pods/Target Support Files/Pods-OutputCollect/Pods-OutputCollect-frameworks.sh\"\n";
			showEnvVarsInLog = 0;
		};
		5ADBB99D3C62530EC7A18CFF /* [CP] Copy Pods Resources */ = {
			isa = PBXShellScriptBuildPhase;
			buildActionMask = 2147483647;
			files = (
			);
			inputPaths = (
			);
			name = "[CP] Copy Pods Resources";
			outputPaths = (
			);
			runOnlyForDeploymentPostprocessing = 0;
			shellPath = /bin/sh;
			shellScript = "\"${SRCROOT}/Pods/Target Support Files/Pods-OutputCollect/Pods-OutputCollect-resources.sh\"\n";
			showEnvVarsInLog = 0;
		};
		F18362DD2AC55D2CB106C4C5 /* [CP] Check Pods Manifest.lock */ = {
			isa = PBXShellScriptBuildPhase;
			buildActionMask = 2147483647;
			files = (
			);
			inputPaths = (
			);
			name = "[CP] Check Pods Manifest.lock";
			outputPaths = (
			);
			runOnlyForDeploymentPostprocessing = 0;
			shellPath = /bin/sh;
			shellScript = "diff \"${PODS_ROOT}/../Podfile.lock\" \"${PODS_ROOT}/Manifest.lock\" > /dev/null\nif [ $? != 0 ] ; then\n    # print error to STDERR\n    echo \"error: The sandbox is not in sync with the Podfile.lock. Run 'pod install' or update your CocoaPods installation.\" >&2\n    exit 1\nfi\n";
			showEnvVarsInLog = 0;
		};
/* End PBXShellScriptBuildPhase section */

/* Begin PBXSourcesBuildPhase section */
		E378C7E41F27182B00225456 /* Sources */ = {
			isa = PBXSourcesBuildPhase;
			buildActionMask = 2147483647;
			files = (
				E378C7F31F27182B00225456 /* ViewController.m in Sources */,
				E378C7F01F27182B00225456 /* AppDelegate.m in Sources */,
				E378C7ED1F27182B00225456 /* main.m in Sources */,
			);
			runOnlyForDeploymentPostprocessing = 0;
		};
/* End PBXSourcesBuildPhase section */

/* Begin PBXVariantGroup section */
		E378C7F41F27182B00225456 /* Main.storyboard */ = {
			isa = PBXVariantGroup;
			children = (
				E378C7F51F27182B00225456 /* Base */,
			);
			name = Main.storyboard;
			sourceTree = "<group>";
		};
		E378C7F91F27182B00225456 /* LaunchScreen.storyboard */ = {
			isa = PBXVariantGroup;
			children = (
				E378C7FA1F27182B00225456 /* Base */,
			);
			name = LaunchScreen.storyboard;
			sourceTree = "<group>";
		};
/* End PBXVariantGroup section */

/* Begin XCBuildConfiguration section */
		E378C7FD1F27182B00225456 /* Debug */ = {
			isa = XCBuildConfiguration;
			buildSettings = {
				ALWAYS_SEARCH_USER_PATHS = NO;
				CLANG_ANALYZER_NONNULL = YES;
				CLANG_ANALYZER_NUMBER_OBJECT_CONVERSION = YES_AGGRESSIVE;
				CLANG_CXX_LANGUAGE_STANDARD = "gnu++0x";
				CLANG_CXX_LIBRARY = "libc++";
				CLANG_ENABLE_MODULES = YES;
				CLANG_ENABLE_OBJC_ARC = YES;
				CLANG_WARN_BOOL_CONVERSION = YES;
				CLANG_WARN_CONSTANT_CONVERSION = YES;
				CLANG_WARN_DIRECT_OBJC_ISA_USAGE = YES_ERROR;
				CLANG_WARN_DOCUMENTATION_COMMENTS = YES;
				CLANG_WARN_EMPTY_BODY = YES;
				CLANG_WARN_ENUM_CONVERSION = YES;
				CLANG_WARN_INFINITE_RECURSION = YES;
				CLANG_WARN_INT_CONVERSION = YES;
				CLANG_WARN_OBJC_ROOT_CLASS = YES_ERROR;
				CLANG_WARN_SUSPICIOUS_MOVE = YES;
				CLANG_WARN_UNREACHABLE_CODE = YES;
				CLANG_WARN__DUPLICATE_METHOD_MATCH = YES;
				"CODE_SIGN_IDENTITY[sdk=iphoneos*]" = "iPhone Developer";
				COPY_PHASE_STRIP = NO;
				DEBUG_INFORMATION_FORMAT = dwarf;
				ENABLE_STRICT_OBJC_MSGSEND = YES;
				ENABLE_TESTABILITY = YES;
				GCC_C_LANGUAGE_STANDARD = gnu99;
				GCC_DYNAMIC_NO_PIC = NO;
				GCC_NO_COMMON_BLOCKS = YES;
				GCC_OPTIMIZATION_LEVEL = 0;
				GCC_PREPROCESSOR_DEFINITIONS = (
					"DEBUG=1",
					"$(inherited)",
				);
				GCC_WARN_64_TO_32_BIT_CONVERSION = YES;
				GCC_WARN_ABOUT_RETURN_TYPE = YES_ERROR;
				GCC_WARN_UNDECLARED_SELECTOR = YES;
				GCC_WARN_UNINITIALIZED_AUTOS = YES_AGGRESSIVE;
				GCC_WARN_UNUSED_FUNCTION = YES;
				GCC_WARN_UNUSED_VARIABLE = YES;
				IPHONEOS_DEPLOYMENT_TARGET = 10.3;
				MTL_ENABLE_DEBUG_INFO = YES;
				ONLY_ACTIVE_ARCH = YES;
				SDKROOT = iphoneos;
			};
			name = Debug;
		};
		E378C7FE1F27182B00225456 /* Release */ = {
			isa = XCBuildConfiguration;
			buildSettings = {
				ALWAYS_SEARCH_USER_PATHS = NO;
				CLANG_ANALYZER_NONNULL = YES;
				CLANG_ANALYZER_NUMBER_OBJECT_CONVERSION = YES_AGGRESSIVE;
				CLANG_CXX_LANGUAGE_STANDARD = "gnu++0x";
				CLANG_CXX_LIBRARY = "libc++";
				CLANG_ENABLE_MODULES = YES;
				CLANG_ENABLE_OBJC_ARC = YES;
				CLANG_WARN_BOOL_CONVERSION = YES;
				CLANG_WARN_CONSTANT_CONVERSION = YES;
				CLANG_WARN_DIRECT_OBJC_ISA_USAGE = YES_ERROR;
				CLANG_WARN_DOCUMENTATION_COMMENTS = YES;
				CLANG_WARN_EMPTY_BODY = YES;
				CLANG_WARN_ENUM_CONVERSION = YES;
				CLANG_WARN_INFINITE_RECURSION = YES;
				CLANG_WARN_INT_CONVERSION = YES;
				CLANG_WARN_OBJC_ROOT_CLASS = YES_ERROR;
				CLANG_WARN_SUSPICIOUS_MOVE = YES;
				CLANG_WARN_UNREACHABLE_CODE = YES;
				CLANG_WARN__DUPLICATE_METHOD_MATCH = YES;
				"CODE_SIGN_IDENTITY[sdk=iphoneos*]" = "iPhone Developer";
				COPY_PHASE_STRIP = NO;
				DEBUG_INFORMATION_FORMAT = "dwarf-with-dsym";
				ENABLE_NS_ASSERTIONS = NO;
				ENABLE_STRICT_OBJC_MSGSEND = YES;
				GCC_C_LANGUAGE_STANDARD = gnu99;
				GCC_NO_COMMON_BLOCKS = YES;
				GCC_WARN_64_TO_32_BIT_CONVERSION = YES;
				GCC_WARN_ABOUT_RETURN_TYPE = YES_ERROR;
				GCC_WARN_UNDECLARED_SELECTOR = YES;
				GCC_WARN_UNINITIALIZED_AUTOS = YES_AGGRESSIVE;
				GCC_WARN_UNUSED_FUNCTION = YES;
				GCC_WARN_UNUSED_VARIABLE = YES;
				IPHONEOS_DEPLOYMENT_TARGET = 10.3;
				MTL_ENABLE_DEBUG_INFO = NO;
				SDKROOT = iphoneos;
				VALIDATE_PRODUCT = YES;
			};
			name = Release;
		};
		E378C8001F27182B00225456 /* Debug */ = {
			isa = XCBuildConfiguration;
			baseConfigurationReference = 399017A7328D2D1072B1A523 /* Pods-OutputCollect.debug.xcconfig */;
			buildSettings = {
				ASSETCATALOG_COMPILER_APPICON_NAME = AppIcon;
				DEVELOPMENT_TEAM = 82M9BLN6B7;
				INFOPLIST_FILE = OutputCollect/Info.plist;
				LD_RUNPATH_SEARCH_PATHS = "$(inherited) @executable_path/Frameworks";
				PRODUCT_BUNDLE_IDENTIFIER = com.JASolar.OutputCollect;
				PRODUCT_NAME = "$(TARGET_NAME)";
			};
			name = Debug;
		};
		E378C8011F27182B00225456 /* Release */ = {
			isa = XCBuildConfiguration;
			baseConfigurationReference = 42D3673CE585C3433DAA37A2 /* Pods-OutputCollect.release.xcconfig */;
			buildSettings = {
				ASSETCATALOG_COMPILER_APPICON_NAME = AppIcon;
				DEVELOPMENT_TEAM = 82M9BLN6B7;
				INFOPLIST_FILE = OutputCollect/Info.plist;
				LD_RUNPATH_SEARCH_PATHS = "$(inherited) @executable_path/Frameworks";
				PRODUCT_BUNDLE_IDENTIFIER = com.JASolar.OutputCollect;
				PRODUCT_NAME = "$(TARGET_NAME)";
			};
			name = Release;
		};
/* End XCBuildConfiguration section */

/* Begin XCConfigurationList section */
		E378C7E31F27182B00225456 /* Build configuration list for PBXProject "OutputCollect" */ = {
			isa = XCConfigurationList;
			buildConfigurations = (
				E378C7FD1F27182B00225456 /* Debug */,
				E378C7FE1F27182B00225456 /* Release */,
			);
			defaultConfigurationIsVisible = 0;
			defaultConfigurationName = Release;
		};
		E378C7FF1F27182B00225456 /* Build configuration list for PBXNativeTarget "OutputCollect" */ = {
			isa = XCConfigurationList;
			buildConfigurations = (
				E378C8001F27182B00225456 /* Debug */,
				E378C8011F27182B00225456 /* Release */,
			);
			defaultConfigurationIsVisible = 0;
		};
/* End XCConfigurationList section */
	};
	rootObject = E378C7E01F27182B00225456 /* Project object */;
}
